
Microsoft Visual Studio Solution File, Format Version 12.00
# Visual Studio 15
VisualStudioVersion = 15.0.28307.421
MinimumVisualStudioVersion = 10.0.40219.1
Project("{FAE04EC0-301F-11D3-BF4B-00C04F79EFBC}") = "LexiconLMS", "LexiconLMS\LexiconLMS.csproj", "{A3D1922C-9105-4B02-ADFA-24A86F604029}"
EndProject
Global
	GlobalSection(SolutionConfigurationPlatforms) = preSolution
		Debug|Any CPU = Debug|Any CPU
		Release|Any CPU = Release|Any CPU
	EndGlobalSection
	GlobalSection(ProjectConfigurationPlatforms) = postSolution
		{A3D1922C-9105-4B02-ADFA-24A86F604029}.Debug|Any CPU.ActiveCfg = Debug|Any CPU
		{A3D1922C-9105-4B02-ADFA-24A86F604029}.Debug|Any CPU.Build.0 = Debug|Any CPU
		{A3D1922C-9105-4B02-ADFA-24A86F604029}.Release|Any CPU.ActiveCfg = Release|Any CPU
		{A3D1922C-9105-4B02-ADFA-24A86F604029}.Release|Any CPU.Build.0 = Release|Any CPU
	EndGlobalSection
	GlobalSection(SolutionProperties) = preSolution
		HideSolutionNode = FALSE
	EndGlobalSection
	GlobalSection(ExtensibilityGlobals) = postSolution
		SolutionGuid = {19DD2D2A-03DA-463C-8706-C99B189FB87C}
	EndGlobalSection
EndGlobal
